// !$*UTF8*$!
{
	archiveVersion = 1;
	classes = {
	};
	objectVersion = 46;
	objects = {

/* Begin PBXBuildFile section */
		B25E394818D942F9003C1BD6 /* bg_tile.png in Resources */ = {isa = PBXBuildFile; fileRef = B25E393718D942F9003C1BD6 /* bg_tile.png */; };
		B25E394918D942F9003C1BD6 /* bg_tile@2x.png in Resources */ = {isa = PBXBuildFile; fileRef = B25E393818D942F9003C1BD6 /* bg_tile@2x.png */; };
		B25E394A18D942F9003C1BD6 /* button_tap_deselected.png in Resources */ = {isa = PBXBuildFile; fileRef = B25E393918D942F9003C1BD6 /* button_tap_deselected.png */; };
		B25E394B18D942F9003C1BD6 /* button_tap_deselected@2x.png in Resources */ = {isa = PBXBuildFile; fileRef = B25E393A18D942F9003C1BD6 /* button_tap_deselected@2x.png */; };
		B25E394C18D942F9003C1BD6 /* button_tap_selected.png in Resources */ = {isa = PBXBuildFile; fileRef = B25E393B18D942F9003C1BD6 /* button_tap_selected.png */; };
		B25E394D18D942F9003C1BD6 /* button_tap_selected@2x.png in Resources */ = {isa = PBXBuildFile; fileRef = B25E393C18D942F9003C1BD6 /* button_tap_selected@2x.png */; };
		B25E394E18D942F9003C1BD6 /* ButtonTap.wav in Resources */ = {isa = PBXBuildFile; fileRef = B25E393D18D942F9003C1BD6 /* ButtonTap.wav */; };
		B25E394F18D942F9003C1BD6 /* checker_bottom.png in Resources */ = {isa = PBXBuildFile; fileRef = B25E393E18D942F9003C1BD6 /* checker_bottom.png */; };
		B25E395018D942F9003C1BD6 /* checker_bottom@2x.png in Resources */ = {isa = PBXBuildFile; fileRef = B25E393F18D942F9003C1BD6 /* checker_bottom@2x.png */; };
		B25E395118D942F9003C1BD6 /* checker_top.png in Resources */ = {isa = PBXBuildFile; fileRef = B25E394018D942F9003C1BD6 /* checker_top.png */; };
		B25E395218D942F9003C1BD6 /* checker_top@2x.png in Resources */ = {isa = PBXBuildFile; fileRef = B25E394118D942F9003C1BD6 /* checker_top@2x.png */; };
		B25E395318D942F9003C1BD6 /* field_score.png in Resources */ = {isa = PBXBuildFile; fileRef = B25E394218D942F9003C1BD6 /* field_score.png */; };
		B25E395418D942F9003C1BD6 /* field_score@2x.png in Resources */ = {isa = PBXBuildFile; fileRef = B25E394318D942F9003C1BD6 /* field_score@2x.png */; };
		B25E395518D942F9003C1BD6 /* field_time.png in Resources */ = {isa = PBXBuildFile; fileRef = B25E394418D942F9003C1BD6 /* field_time.png */; };
		B25E395618D942F9003C1BD6 /* field_time@2x.png in Resources */ = {isa = PBXBuildFile; fileRef = B25E394518D942F9003C1BD6 /* field_time@2x.png */; };
		B25E395718D942F9003C1BD6 /* HallOfTheMountainKing.mp3 in Resources */ = {isa = PBXBuildFile; fileRef = B25E394618D942F9003C1BD6 /* HallOfTheMountainKing.mp3 */; };
		B25E395818D942F9003C1BD6 /* SecondBeep.wav in Resources */ = {isa = PBXBuildFile; fileRef = B25E394718D942F9003C1BD6 /* SecondBeep.wav */; };
		B25E395A18D94AF6003C1BD6 /* AVFoundation.framework in Frameworks */ = {isa = PBXBuildFile; fileRef = B25E395918D94AF6003C1BD6 /* AVFoundation.framework */; };
		B2E3B3F418D61D5700D10963 /* Foundation.framework in Frameworks */ = {isa = PBXBuildFile; fileRef = B2E3B3F318D61D5700D10963 /* Foundation.framework */; };
		B2E3B3F618D61D5700D10963 /* CoreGraphics.framework in Frameworks */ = {isa = PBXBuildFile; fileRef = B2E3B3F518D61D5700D10963 /* CoreGraphics.framework */; };
		B2E3B3F818D61D5700D10963 /* UIKit.framework in Frameworks */ = {isa = PBXBuildFile; fileRef = B2E3B3F718D61D5700D10963 /* UIKit.framework */; };
		B2E3B3FE18D61D5700D10963 /* InfoPlist.strings in Resources */ = {isa = PBXBuildFile; fileRef = B2E3B3FC18D61D5700D10963 /* InfoPlist.strings */; };
		B2E3B40018D61D5700D10963 /* main.m in Sources */ = {isa = PBXBuildFile; fileRef = B2E3B3FF18D61D5700D10963 /* main.m */; };
		B2E3B40418D61D5700D10963 /* FGSAppDelegate.m in Sources */ = {isa = PBXBuildFile; fileRef = B2E3B40318D61D5700D10963 /* FGSAppDelegate.m */; };
		B2E3B40718D61D5700D10963 /* Main.storyboard in Resources */ = {isa = PBXBuildFile; fileRef = B2E3B40518D61D5700D10963 /* Main.storyboard */; };
		B2E3B40A18D61D5700D10963 /* FGSViewController.m in Sources */ = {isa = PBXBuildFile; fileRef = B2E3B40918D61D5700D10963 /* FGSViewController.m */; };
		B2E3B40C18D61D5700D10963 /* Images.xcassets in Resources */ = {isa = PBXBuildFile; fileRef = B2E3B40B18D61D5700D10963 /* Images.xcassets */; };
		B2E3B41318D61D5700D10963 /* XCTest.framework in Frameworks */ = {isa = PBXBuildFile; fileRef = B2E3B41218D61D5700D10963 /* XCTest.framework */; };
		B2E3B41418D61D5700D10963 /* Foundation.framework in Frameworks */ = {isa = PBXBuildFile; fileRef = B2E3B3F318D61D5700D10963 /* Foundation.framework */; };
		B2E3B41518D61D5700D10963 /* UIKit.framework in Frameworks */ = {isa = PBXBuildFile; fileRef = B2E3B3F718D61D5700D10963 /* UIKit.framework */; };
		B2E3B41D18D61D5700D10963 /* InfoPlist.strings in Resources */ = {isa = PBXBuildFile; fileRef = B2E3B41B18D61D5700D10963 /* InfoPlist.strings */; };
		B2E3B41F18D61D5700D10963 /* Tap_MeTests.m in Sources */ = {isa = PBXBuildFile; fileRef = B2E3B41E18D61D5700D10963 /* Tap_MeTests.m */; };
/* End PBXBuildFile section */

/* Begin PBXContainerItemProxy section */
		B2E3B41618D61D5700D10963 /* PBXContainerItemProxy */ = {
			isa = PBXContainerItemProxy;
			containerPortal = B2E3B3E818D61D5700D10963 /* Project object */;
			proxyType = 1;
			remoteGlobalIDString = B2E3B3EF18D61D5700D10963;
			remoteInfo = "Tap Me";
		};
/* End PBXContainerItemProxy section */

/* Begin PBXFileReference section */
		B25E393718D942F9003C1BD6 /* bg_tile.png */ = {isa = PBXFileReference; lastKnownFileType = image.png; path = bg_tile.png; sourceTree = "<group>"; };
		B25E393818D942F9003C1BD6 /* bg_tile@2x.png */ = {isa = PBXFileReference; lastKnownFileType = image.png; path = "bg_tile@2x.png"; sourceTree = "<group>"; };
		B25E393918D942F9003C1BD6 /* button_tap_deselected.png */ = {isa = PBXFileReference; lastKnownFileType = image.png; path = button_tap_deselected.png; sourceTree = "<group>"; };
		B25E393A18D942F9003C1BD6 /* button_tap_deselected@2x.png */ = {isa = PBXFileReference; lastKnownFileType = image.png; path = "button_tap_deselected@2x.png"; sourceTree = "<group>"; };
		B25E393B18D942F9003C1BD6 /* button_tap_selected.png */ = {isa = PBXFileReference; lastKnownFileType = image.png; path = button_tap_selected.png; sourceTree = "<group>"; };
		B25E393C18D942F9003C1BD6 /* button_tap_selected@2x.png */ = {isa = PBXFileReference; lastKnownFileType = image.png; path = "button_tap_selected@2x.png"; sourceTree = "<group>"; };
		B25E393D18D942F9003C1BD6 /* ButtonTap.wav */ = {isa = PBXFileReference; lastKnownFileType = audio.wav; path = ButtonTap.wav; sourceTree = "<group>"; };
		B25E393E18D942F9003C1BD6 /* checker_bottom.png */ = {isa = PBXFileReference; lastKnownFileType = image.png; path = checker_bottom.png; sourceTree = "<group>"; };
		B25E393F18D942F9003C1BD6 /* checker_bottom@2x.png */ = {isa = PBXFileReference; lastKnownFileType = image.png; path = "checker_bottom@2x.png"; sourceTree = "<group>"; };
		B25E394018D942F9003C1BD6 /* checker_top.png */ = {isa = PBXFileReference; lastKnownFileType = image.png; path = checker_top.png; sourceTree = "<group>"; };
		B25E394118D942F9003C1BD6 /* checker_top@2x.png */ = {isa = PBXFileReference; lastKnownFileType = image.png; path = "checker_top@2x.png"; sourceTree = "<group>"; };
		B25E394218D942F9003C1BD6 /* field_score.png */ = {isa = PBXFileReference; lastKnownFileType = image.png; path = field_score.png; sourceTree = "<group>"; };
		B25E394318D942F9003C1BD6 /* field_score@2x.png */ = {isa = PBXFileReference; lastKnownFileType = image.png; path = "field_score@2x.png"; sourceTree = "<group>"; };
		B25E394418D942F9003C1BD6 /* field_time.png */ = {isa = PBXFileReference; lastKnownFileType = image.png; path = field_time.png; sourceTree = "<group>"; };
		B25E394518D942F9003C1BD6 /* field_time@2x.png */ = {isa = PBXFileReference; lastKnownFileType = image.png; path = "field_time@2x.png"; sourceTree = "<group>"; };
		B25E394618D942F9003C1BD6 /* HallOfTheMountainKing.mp3 */ = {isa = PBXFileReference; lastKnownFileType = audio.mp3; path = HallOfTheMountainKing.mp3; sourceTree = "<group>"; };
		B25E394718D942F9003C1BD6 /* SecondBeep.wav */ = {isa = PBXFileReference; lastKnownFileType = audio.wav; path = SecondBeep.wav; sourceTree = "<group>"; };
		B25E395918D94AF6003C1BD6 /* AVFoundation.framework */ = {isa = PBXFileReference; lastKnownFileType = wrapper.framework; name = AVFoundation.framework; path = System/Library/Frameworks/AVFoundation.framework; sourceTree = SDKROOT; };
		B2E3B3F018D61D5700D10963 /* Tap Me.app */ = {isa = PBXFileReference; explicitFileType = wrapper.application; includeInIndex = 0; path = "Tap Me.app"; sourceTree = BUILT_PRODUCTS_DIR; };
		B2E3B3F318D61D5700D10963 /* Foundation.framework */ = {isa = PBXFileReference; lastKnownFileType = wrapper.framework; name = Foundation.framework; path = System/Library/Frameworks/Foundation.framework; sourceTree = SDKROOT; };
		B2E3B3F518D61D5700D10963 /* CoreGraphics.framework */ = {isa = PBXFileReference; lastKnownFileType = wrapper.framework; name = CoreGraphics.framework; path = System/Library/Frameworks/CoreGraphics.framework; sourceTree = SDKROOT; };
		B2E3B3F718D61D5700D10963 /* UIKit.framework */ = {isa = PBXFileReference; lastKnownFileType = wrapper.framework; name = UIKit.framework; path = System/Library/Frameworks/UIKit.framework; sourceTree = SDKROOT; };
		B2E3B3FB18D61D5700D10963 /* Tap Me-Info.plist */ = {isa = PBXFileReference; lastKnownFileType = text.plist.xml; path = "Tap Me-Info.plist"; sourceTree = "<group>"; };
		B2E3B3FD18D61D5700D10963 /* en */ = {isa = PBXFileReference; lastKnownFileType = text.plist.strings; name = en; path = en.lproj/InfoPlist.strings; sourceTree = "<group>"; };
		B2E3B3FF18D61D5700D10963 /* main.m */ = {isa = PBXFileReference; lastKnownFileType = sourcecode.c.objc; path = main.m; sourceTree = "<group>"; };
		B2E3B40118D61D5700D10963 /* Tap Me-Prefix.pch */ = {isa = PBXFileReference; lastKnownFileType = sourcecode.c.h; path = "Tap Me-Prefix.pch"; sourceTree = "<group>"; };
		B2E3B40218D61D5700D10963 /* FGSAppDelegate.h */ = {isa = PBXFileReference; lastKnownFileType = sourcecode.c.h; path = FGSAppDelegate.h; sourceTree = "<group>"; };
		B2E3B40318D61D5700D10963 /* FGSAppDelegate.m */ = {isa = PBXFileReference; lastKnownFileType = sourcecode.c.objc; path = FGSAppDelegate.m; sourceTree = "<group>"; };
		B2E3B40618D61D5700D10963 /* Base */ = {isa = PBXFileReference; lastKnownFileType = file.storyboard; name = Base; path = Base.lproj/Main.storyboard; sourceTree = "<group>"; };
		B2E3B40818D61D5700D10963 /* FGSViewController.h */ = {isa = PBXFileReference; lastKnownFileType = sourcecode.c.h; path = FGSViewController.h; sourceTree = "<group>"; };
		B2E3B40918D61D5700D10963 /* FGSViewController.m */ = {isa = PBXFileReference; lastKnownFileType = sourcecode.c.objc; path = FGSViewController.m; sourceTree = "<group>"; };
		B2E3B40B18D61D5700D10963 /* Images.xcassets */ = {isa = PBXFileReference; lastKnownFileType = folder.assetcatalog; path = Images.xcassets; sourceTree = "<group>"; };
		B2E3B41118D61D5700D10963 /* Tap MeTests.xctest */ = {isa = PBXFileReference; explicitFileType = wrapper.cfbundle; includeInIndex = 0; path = "Tap MeTests.xctest"; sourceTree = BUILT_PRODUCTS_DIR; };
		B2E3B41218D61D5700D10963 /* XCTest.framework */ = {isa = PBXFileReference; lastKnownFileType = wrapper.framework; name = XCTest.framework; path = Library/Frameworks/XCTest.framework; sourceTree = DEVELOPER_DIR; };
		B2E3B41A18D61D5700D10963 /* Tap MeTests-Info.plist */ = {isa = PBXFileReference; lastKnownFileType = text.plist.xml; path = "Tap MeTests-Info.plist"; sourceTree = "<group>"; };
		B2E3B41C18D61D5700D10963 /* en */ = {isa = PBXFileReference; lastKnownFileType = text.plist.strings; name = en; path = en.lproj/InfoPlist.strings; sourceTree = "<group>"; };
		B2E3B41E18D61D5700D10963 /* Tap_MeTests.m */ = {isa = PBXFileReference; lastKnownFileType = sourcecode.c.objc; path = Tap_MeTests.m; sourceTree = "<group>"; };
/* End PBXFileReference section */

/* Begin PBXFrameworksBuildPhase section */
		B2E3B3ED18D61D5700D10963 /* Frameworks */ = {
			isa = PBXFrameworksBuildPhase;
			buildActionMask = 2147483647;
			files = (
				B25E395A18D94AF6003C1BD6 /* AVFoundation.framework in Frameworks */,
				B2E3B3F618D61D5700D10963 /* CoreGraphics.framework in Frameworks */,
				B2E3B3F818D61D5700D10963 /* UIKit.framework in Frameworks */,
				B2E3B3F418D61D5700D10963 /* Foundation.framework in Frameworks */,
			);
			runOnlyForDeploymentPostprocessing = 0;
		};
		B2E3B40E18D61D5700D10963 /* Frameworks */ = {
			isa = PBXFrameworksBuildPhase;
			buildActionMask = 2147483647;
			files = (
				B2E3B41318D61D5700D10963 /* XCTest.framework in Frameworks */,
				B2E3B41518D61D5700D10963 /* UIKit.framework in Frameworks */,
				B2E3B41418D61D5700D10963 /* Foundation.framework in Frameworks */,
			);
			runOnlyForDeploymentPostprocessing = 0;
		};
/* End PBXFrameworksBuildPhase section */

/* Begin PBXGroup section */
		B2E3B3E718D61D5700D10963 = {
			isa = PBXGroup;
			children = (
				B2E3B3F918D61D5700D10963 /* Tap Me */,
				B2E3B41818D61D5700D10963 /* Tap MeTests */,
				B2E3B3F218D61D5700D10963 /* Frameworks */,
				B2E3B3F118D61D5700D10963 /* Products */,
			);
			sourceTree = "<group>";
		};
		B2E3B3F118D61D5700D10963 /* Products */ = {
			isa = PBXGroup;
			children = (
				B2E3B3F018D61D5700D10963 /* Tap Me.app */,
				B2E3B41118D61D5700D10963 /* Tap MeTests.xctest */,
			);
			name = Products;
			sourceTree = "<group>";
		};
		B2E3B3F218D61D5700D10963 /* Frameworks */ = {
			isa = PBXGroup;
			children = (
				B25E395918D94AF6003C1BD6 /* AVFoundation.framework */,
				B2E3B3F318D61D5700D10963 /* Foundation.framework */,
				B2E3B3F518D61D5700D10963 /* CoreGraphics.framework */,
				B2E3B3F718D61D5700D10963 /* UIKit.framework */,
				B2E3B41218D61D5700D10963 /* XCTest.framework */,
			);
			name = Frameworks;
			sourceTree = "<group>";
		};
		B2E3B3F918D61D5700D10963 /* Tap Me */ = {
			isa = PBXGroup;
			children = (
				B2E3B40218D61D5700D10963 /* FGSAppDelegate.h */,
				B2E3B40318D61D5700D10963 /* FGSAppDelegate.m */,
				B2E3B40518D61D5700D10963 /* Main.storyboard */,
				B2E3B40818D61D5700D10963 /* FGSViewController.h */,
				B2E3B40918D61D5700D10963 /* FGSViewController.m */,
				B2E3B40B18D61D5700D10963 /* Images.xcassets */,
				B2E3B3FA18D61D5700D10963 /* Supporting Files */,
			);
			path = "Tap Me";
			sourceTree = "<group>";
		};
		B2E3B3FA18D61D5700D10963 /* Supporting Files */ = {
			isa = PBXGroup;
			children = (
				B25E393718D942F9003C1BD6 /* bg_tile.png */,
				B25E393818D942F9003C1BD6 /* bg_tile@2x.png */,
				B25E393918D942F9003C1BD6 /* button_tap_deselected.png */,
				B25E393A18D942F9003C1BD6 /* button_tap_deselected@2x.png */,
				B25E393B18D942F9003C1BD6 /* button_tap_selected.png */,
				B25E393C18D942F9003C1BD6 /* button_tap_selected@2x.png */,
				B25E393D18D942F9003C1BD6 /* ButtonTap.wav */,
				B25E393E18D942F9003C1BD6 /* checker_bottom.png */,
				B25E393F18D942F9003C1BD6 /* checker_bottom@2x.png */,
				B25E394018D942F9003C1BD6 /* checker_top.png */,
				B25E394118D942F9003C1BD6 /* checker_top@2x.png */,
				B25E394218D942F9003C1BD6 /* field_score.png */,
				B25E394318D942F9003C1BD6 /* field_score@2x.png */,
				B25E394418D942F9003C1BD6 /* field_time.png */,
				B25E394518D942F9003C1BD6 /* field_time@2x.png */,
				B25E394618D942F9003C1BD6 /* HallOfTheMountainKing.mp3 */,
				B25E394718D942F9003C1BD6 /* SecondBeep.wav */,
				B2E3B3FB18D61D5700D10963 /* Tap Me-Info.plist */,
				B2E3B3FC18D61D5700D10963 /* InfoPlist.strings */,
				B2E3B3FF18D61D5700D10963 /* main.m */,
				B2E3B40118D61D5700D10963 /* Tap Me-Prefix.pch */,
			);
			name = "Supporting Files";
			sourceTree = "<group>";
		};
		B2E3B41818D61D5700D10963 /* Tap MeTests */ = {
			isa = PBXGroup;
			children = (
				B2E3B41E18D61D5700D10963 /* Tap_MeTests.m */,
				B2E3B41918D61D5700D10963 /* Supporting Files */,
			);
			path = "Tap MeTests";
			sourceTree = "<group>";
		};
		B2E3B41918D61D5700D10963 /* Supporting Files */ = {
			isa = PBXGroup;
			children = (
				B2E3B41A18D61D5700D10963 /* Tap MeTests-Info.plist */,
				B2E3B41B18D61D5700D10963 /* InfoPlist.strings */,
			);
			name = "Supporting Files";
			sourceTree = "<group>";
		};
/* End PBXGroup section */

/* Begin PBXNativeTarget section */
		B2E3B3EF18D61D5700D10963 /* Tap Me */ = {
			isa = PBXNativeTarget;
			buildConfigurationList = B2E3B42218D61D5700D10963 /* Build configuration list for PBXNativeTarget "Tap Me" */;
			buildPhases = (
				B2E3B3EC18D61D5700D10963 /* Sources */,
				B2E3B3ED18D61D5700D10963 /* Frameworks */,
				B2E3B3EE18D61D5700D10963 /* Resources */,
			);
			buildRules = (
			);
			dependencies = (
			);
			name = "Tap Me";
			productName = "Tap Me";
			productReference = B2E3B3F018D61D5700D10963 /* Tap Me.app */;
			productType = "com.apple.product-type.application";
		};
		B2E3B41018D61D5700D10963 /* Tap MeTests */ = {
			isa = PBXNativeTarget;
			buildConfigurationList = B2E3B42518D61D5700D10963 /* Build configuration list for PBXNativeTarget "Tap MeTests" */;
			buildPhases = (
				B2E3B40D18D61D5700D10963 /* Sources */,
				B2E3B40E18D61D5700D10963 /* Frameworks */,
				B2E3B40F18D61D5700D10963 /* Resources */,
			);
			buildRules = (
			);
			dependencies = (
				B2E3B41718D61D5700D10963 /* PBXTargetDependency */,
			);
			name = "Tap MeTests";
			productName = "Tap MeTests";
			productReference = B2E3B41118D61D5700D10963 /* Tap MeTests.xctest */;
			productType = "com.apple.product-type.bundle.unit-test";
		};
/* End PBXNativeTarget section */

/* Begin PBXProject section */
		B2E3B3E818D61D5700D10963 /* Project object */ = {
			isa = PBXProject;
			attributes = {
				CLASSPREFIX = FGS;
				LastUpgradeCheck = 0510;
				ORGANIZATIONNAME = "Fernando Garcia, Jr";
				TargetAttributes = {
					B2E3B41018D61D5700D10963 = {
						TestTargetID = B2E3B3EF18D61D5700D10963;
					};
				};
			};
			buildConfigurationList = B2E3B3EB18D61D5700D10963 /* Build configuration list for PBXProject "Tap Me" */;
			compatibilityVersion = "Xcode 3.2";
			developmentRegion = English;
			hasScannedForEncodings = 0;
			knownRegions = (
				en,
				Base,
			);
			mainGroup = B2E3B3E718D61D5700D10963;
			productRefGroup = B2E3B3F118D61D5700D10963 /* Products */;
			projectDirPath = "";
			projectRoot = "";
			targets = (
				B2E3B3EF18D61D5700D10963 /* Tap Me */,
				B2E3B41018D61D5700D10963 /* Tap MeTests */,
			);
		};
/* End PBXProject section */

/* Begin PBXResourcesBuildPhase section */
		B2E3B3EE18D61D5700D10963 /* Resources */ = {
			isa = PBXResourcesBuildPhase;
			buildActionMask = 2147483647;
			files = (
				B25E394818D942F9003C1BD6 /* bg_tile.png in Resources */,
				B2E3B40C18D61D5700D10963 /* Images.xcassets in Resources */,
				B25E395618D942F9003C1BD6 /* field_time@2x.png in Resources */,
				B25E394C18D942F9003C1BD6 /* button_tap_selected.png in Resources */,
				B2E3B3FE18D61D5700D10963 /* InfoPlist.strings in Resources */,
				B25E394D18D942F9003C1BD6 /* button_tap_selected@2x.png in Resources */,
				B25E395818D942F9003C1BD6 /* SecondBeep.wav in Resources */,
				B25E394A18D942F9003C1BD6 /* button_tap_deselected.png in Resources */,
				B25E395218D942F9003C1BD6 /* checker_top@2x.png in Resources */,
				B2E3B40718D61D5700D10963 /* Main.storyboard in Resources */,
				B25E394F18D942F9003C1BD6 /* checker_bottom.png in Resources */,
				B25E395118D942F9003C1BD6 /* checker_top.png in Resources */,
				B25E394B18D942F9003C1BD6 /* button_tap_deselected@2x.png in Resources */,
				B25E395318D942F9003C1BD6 /* field_score.png in Resources */,
				B25E395518D942F9003C1BD6 /* field_time.png in Resources */,
				B25E394E18D942F9003C1BD6 /* ButtonTap.wav in Resources */,
				B25E394918D942F9003C1BD6 /* bg_tile@2x.png in Resources */,
				B25E395418D942F9003C1BD6 /* field_score@2x.png in Resources */,
				B25E395018D942F9003C1BD6 /* checker_bottom@2x.png in Resources */,
				B25E395718D942F9003C1BD6 /* HallOfTheMountainKing.mp3 in Resources */,
			);
			runOnlyForDeploymentPostprocessing = 0;
		};
		B2E3B40F18D61D5700D10963 /* Resources */ = {
			isa = PBXResourcesBuildPhase;
			buildActionMask = 2147483647;
			files = (
				B2E3B41D18D61D5700D10963 /* InfoPlist.strings in Resources */,
			);
			runOnlyForDeploymentPostprocessing = 0;
		};
/* End PBXResourcesBuildPhase section */

/* Begin PBXSourcesBuildPhase section */
		B2E3B3EC18D61D5700D10963 /* Sources */ = {
			isa = PBXSourcesBuildPhase;
			buildActionMask = 2147483647;
			files = (
				B2E3B40018D61D5700D10963 /* main.m in Sources */,
				B2E3B40418D61D5700D10963 /* FGSAppDelegate.m in Sources */,
				B2E3B40A18D61D5700D10963 /* FGSViewController.m in Sources */,
			);
			runOnlyForDeploymentPostprocessing = 0;
		};
		B2E3B40D18D61D5700D10963 /* Sources */ = {
			isa = PBXSourcesBuildPhase;
			buildActionMask = 2147483647;
			files = (
				B2E3B41F18D61D5700D10963 /* Tap_MeTests.m in Sources */,
			);
			runOnlyForDeploymentPostprocessing = 0;
		};
/* End PBXSourcesBuildPhase section */

/* Begin PBXTargetDependency section */
		B2E3B41718D61D5700D10963 /* PBXTargetDependency */ = {
			isa = PBXTargetDependency;
			target = B2E3B3EF18D61D5700D10963 /* Tap Me */;
			targetProxy = B2E3B41618D61D5700D10963 /* PBXContainerItemProxy */;
		};
/* End PBXTargetDependency section */

/* Begin PBXVariantGroup section */
		B2E3B3FC18D61D5700D10963 /* InfoPlist.strings */ = {
			isa = PBXVariantGroup;
			children = (
				B2E3B3FD18D61D5700D10963 /* en */,
			);
			name = InfoPlist.strings;
			sourceTree = "<group>";
		};
		B2E3B40518D61D5700D10963 /* Main.storyboard */ = {
			isa = PBXVariantGroup;
			children = (
				B2E3B40618D61D5700D10963 /* Base */,
			);
			name = Main.storyboard;
			sourceTree = "<group>";
		};
		B2E3B41B18D61D5700D10963 /* InfoPlist.strings */ = {
			isa = PBXVariantGroup;
			children = (
				B2E3B41C18D61D5700D10963 /* en */,
			);
			name = InfoPlist.strings;
			sourceTree = "<group>";
		};
/* End PBXVariantGroup section */

/* Begin XCBuildConfiguration section */
		B2E3B42018D61D5700D10963 /* Debug */ = {
			isa = XCBuildConfiguration;
			buildSettings = {
				ALWAYS_SEARCH_USER_PATHS = NO;
				CLANG_CXX_LANGUAGE_STANDARD = "gnu++0x";
				CLANG_CXX_LIBRARY = "libc++";
				CLANG_ENABLE_MODULES = YES;
				CLANG_ENABLE_OBJC_ARC = YES;
				CLANG_WARN_BOOL_CONVERSION = YES;
				CLANG_WARN_CONSTANT_CONVERSION = YES;
				CLANG_WARN_DIRECT_OBJC_ISA_USAGE = YES_ERROR;
				CLANG_WARN_EMPTY_BODY = YES;
				CLANG_WARN_ENUM_CONVERSION = YES;
				CLANG_WARN_INT_CONVERSION = YES;
				CLANG_WARN_OBJC_ROOT_CLASS = YES_ERROR;
				CLANG_WARN__DUPLICATE_METHOD_MATCH = YES;
				"CODE_SIGN_IDENTITY[sdk=iphoneos*]" = "iPhone Developer";
				COPY_PHASE_STRIP = NO;
				GCC_C_LANGUAGE_STANDARD = gnu99;
				GCC_DYNAMIC_NO_PIC = NO;
				GCC_OPTIMIZATION_LEVEL = 0;
				GCC_PREPROCESSOR_DEFINITIONS = (
					"DEBUG=1",
					"$(inherited)",
				);
				GCC_SYMBOLS_PRIVATE_EXTERN = NO;
				GCC_WARN_64_TO_32_BIT_CONVERSION = YES;
				GCC_WARN_ABOUT_RETURN_TYPE = YES_ERROR;
				GCC_WARN_UNDECLARED_SELECTOR = YES;
				GCC_WARN_UNINITIALIZED_AUTOS = YES;
				GCC_WARN_UNUSED_FUNCTION = YES;
				GCC_WARN_UNUSED_VARIABLE = YES;
				IPHONEOS_DEPLOYMENT_TARGET = 7.0;
				ONLY_ACTIVE_ARCH = YES;
				SDKROOT = iphoneos;
			};
			name = Debug;
		};
		B2E3B42118D61D5700D10963 /* Release */ = {
			isa = XCBuildConfiguration;
			buildSettings = {
				ALWAYS_SEARCH_USER_PATHS = NO;
				CLANG_CXX_LANGUAGE_STANDARD = "gnu++0x";
				CLANG_CXX_LIBRARY = "libc++";
				CLANG_ENABLE_MODULES = YES;
				CLANG_ENABLE_OBJC_ARC = YES;
				CLANG_WARN_BOOL_CONVERSION = YES;
				CLANG_WARN_CONSTANT_CONVERSION = YES;
				CLANG_WARN_DIRECT_OBJC_ISA_USAGE = YES_ERROR;
				CLANG_WARN_EMPTY_BODY = YES;
				CLANG_WARN_ENUM_CONVERSION = YES;
				CLANG_WARN_INT_CONVERSION = YES;
				CLANG_WARN_OBJC_ROOT_CLASS = YES_ERROR;
				CLANG_WARN__DUPLICATE_METHOD_MATCH = YES;
				"CODE_SIGN_IDENTITY[sdk=iphoneos*]" = "iPhone Developer";
				COPY_PHASE_STRIP = YES;
				ENABLE_NS_ASSERTIONS = NO;
				GCC_C_LANGUAGE_STANDARD = gnu99;
				GCC_WARN_64_TO_32_BIT_CONVERSION = YES;
				GCC_WARN_ABOUT_RETURN_TYPE = YES_ERROR;
				GCC_WARN_UNDECLARED_SELECTOR = YES;
				GCC_WARN_UNINITIALIZED_AUTOS = YES;
				GCC_WARN_UNUSED_FUNCTION = YES;
				GCC_WARN_UNUSED_VARIABLE = YES;
				IPHONEOS_DEPLOYMENT_TARGET = 7.0;
				SDKROOT = iphoneos;
				VALIDATE_PRODUCT = YES;
			};
			name = Release;
		};
		B2E3B42318D61D5700D10963 /* Debug */ = {
			isa = XCBuildConfiguration;
			buildSettings = {
				ASSETCATALOG_COMPILER_APPICON_NAME = AppIcon;
				ASSETCATALOG_COMPILER_LAUNCHIMAGE_NAME = LaunchImage;
				GCC_PRECOMPILE_PREFIX_HEADER = YES;
				GCC_PREFIX_HEADER = "Tap Me/Tap Me-Prefix.pch";
				INFOPLIST_FILE = "Tap Me/Tap Me-Info.plist";
				PRODUCT_NAME = "$(TARGET_NAME)";
				WRAPPER_EXTENSION = app;
			};
			name = Debug;
		};
		B2E3B42418D61D5700D10963 /* Release */ = {
			isa = XCBuildConfiguration;
			buildSettings = {
				ASSETCATALOG_COMPILER_APPICON_NAME = AppIcon;
				ASSETCATALOG_COMPILER_LAUNCHIMAGE_NAME = LaunchImage;
				GCC_PRECOMPILE_PREFIX_HEADER = YES;
				GCC_PREFIX_HEADER = "Tap Me/Tap Me-Prefix.pch";
				INFOPLIST_FILE = "Tap Me/Tap Me-Info.plist";
				PRODUCT_NAME = "$(TARGET_NAME)";
				WRAPPER_EXTENSION = app;
			};
			name = Release;
		};
		B2E3B42618D61D5700D10963 /* Debug */ = {
			isa = XCBuildConfiguration;
			buildSettings = {
				BUNDLE_LOADER = "$(BUILT_PRODUCTS_DIR)/Tap Me.app/Tap Me";
				FRAMEWORK_SEARCH_PATHS = (
					"$(SDKROOT)/Developer/Library/Frameworks",
					"$(inherited)",
					"$(DEVELOPER_FRAMEWORKS_DIR)",
				);
				GCC_PRECOMPILE_PREFIX_HEADER = YES;
				GCC_PREFIX_HEADER = "Tap Me/Tap Me-Prefix.pch";
				GCC_PREPROCESSOR_DEFINITIONS = (
					"DEBUG=1",
					"$(inherited)",
				);
				INFOPLIST_FILE = "Tap MeTests/Tap MeTests-Info.plist";
				PRODUCT_NAME = "$(TARGET_NAME)";
				TEST_HOST = "$(BUNDLE_LOADER)";
				WRAPPER_EXTENSION = xctest;
			};
			name = Debug;
		};
		B2E3B42718D61D5700D10963 /* Release */ = {
			isa = XCBuildConfiguration;
			buildSettings = {
				BUNDLE_LOADER = "$(BUILT_PRODUCTS_DIR)/Tap Me.app/Tap Me";
				FRAMEWORK_SEARCH_PATHS = (
					"$(SDKROOT)/Developer/Library/Frameworks",
					"$(inherited)",
					"$(DEVELOPER_FRAMEWORKS_DIR)",
				);
				GCC_PRECOMPILE_PREFIX_HEADER = YES;
				GCC_PREFIX_HEADER = "Tap Me/Tap Me-Prefix.pch";
				INFOPLIST_FILE = "Tap MeTests/Tap MeTests-Info.plist";
				PRODUCT_NAME = "$(TARGET_NAME)";
				TEST_HOST = "$(BUNDLE_LOADER)";
				WRAPPER_EXTENSION = xctest;
			};
			name = Release;
		};
/* End XCBuildConfiguration section */

/* Begin XCConfigurationList section */
		B2E3B3EB18D61D5700D10963 /* Build configuration list for PBXProject "Tap Me" */ = {
			isa = XCConfigurationList;
			buildConfigurations = (
				B2E3B42018D61D5700D10963 /* Debug */,
				B2E3B42118D61D5700D10963 /* Release */,
			);
			defaultConfigurationIsVisible = 0;
			defaultConfigurationName = Release;
		};
		B2E3B42218D61D5700D10963 /* Build configuration list for PBXNativeTarget "Tap Me" */ = {
			isa = XCConfigurationList;
			buildConfigurations = (
				B2E3B42318D61D5700D10963 /* Debug */,
				B2E3B42418D61D5700D10963 /* Release */,
			);
			defaultConfigurationIsVisible = 0;
			defaultConfigurationName = Release;
		};
		B2E3B42518D61D5700D10963 /* Build configuration list for PBXNativeTarget "Tap MeTests" */ = {
			isa = XCConfigurationList;
			buildConfigurations = (
				B2E3B42618D61D5700D10963 /* Debug */,
				B2E3B42718D61D5700D10963 /* Release */,
			);
			defaultConfigurationIsVisible = 0;
			defaultConfigurationName = Release;
		};
/* End XCConfigurationList section */
	};
	rootObject = B2E3B3E818D61D5700D10963 /* Project object */;
}
